<?xml version="1.0" encoding="UTF-8" standalone="yes" ?>
<CodeBlocks_project_file>
	<FileVersion major="1" minor="6" />
	<Project>
		<Option title="KUGE" />
		<Option pch_mode="2" />
		<Option compiler="gcc" />
		<Build>
			<Target title="Debug">
				<Option output="bin/Debug/KUGE" prefix_auto="1" extension_auto="1" />
				<Option object_output="obj/Debug/" />
				<Option type="1" />
				<Option compiler="gcc" />
				<Compiler>
					<Add option="-g" />
				</Compiler>
			</Target>
			<Target title="Release">
				<Option output="bin/Release/KUGE" prefix_auto="1" extension_auto="1" />
				<Option object_output="obj/Release/" />
				<Option type="1" />
				<Option compiler="gcc" />
				<Compiler>
					<Add option="-O2" />
				</Compiler>
				<Linker>
					<Add option="-s" />
				</Linker>
			</Target>
		</Build>
		<Compiler>
			<Add option="-Wall" />
			<Add directory="H:/GRUPOS/ACREDITACIONES/TRABAJADORES_CA/ALEX/PrOG/lib/MinGW/SDL2-2.0.14/i686-w64-mingw32/include/SDL2" />
		</Compiler>
		<Linker>
			<Add option="-lmingw32 -lSDL2main -lSDL2 -lSDL2_image -lSDL2_ttf -lSDL2_mixer" />
			<Add directory="H:/GRUPOS/ACREDITACIONES/TRABAJADORES_CA/ALEX/PrOG/lib/MinGW/SDL2-2.0.14/i686-w64-mingw32/lib" />
			<Add directory="H:/GRUPOS/ACREDITACIONES/TRABAJADORES_CA/ALEX/PrOG/lib/MinGW/SDL2-2.0.14/x86_64-w64-mingw32/lib" />
		</Linker>
		<Unit filename="headers/event.h" />
		<Unit filename="headers/event_bus.h" />
		<Unit filename="headers/event_types.h" />
		<Unit filename="headers/game.h" />
		<Unit filename="headers/input_system.h" />
		<Unit filename="headers/output_system.h" />
		<Unit filename="headers/sdl2_wrappers.h" />
		<Unit filename="headers/system.h" />
		<Unit filename="main.cpp" />
		<Unit filename="sources/event.cpp" />
		<Unit filename="sources/event_bus.cpp" />
		<Unit filename="sources/game.cpp" />
		<Unit filename="sources/input_system.cpp" />
		<Unit filename="sources/output_system.cpp" />
		<Unit filename="sources/sdl2_wrappers.cpp" />
		<Unit filename="sources/system.cpp" />
		<Extensions />
	</Project>
</CodeBlocks_project_file>
